{
  "name": "newpoject",
  "lockfileVersion": 2,
  "requires": true,
  "packages": {
    "": {
      "dependencies": {
        "vue": "^3.0.0"
      }
    },
    "node_modules/@babel/helper-validator-identifier": {
      "version": "7.10.4",
      "resolved": "https://registry.npm.taobao.org/@babel/helper-validator-identifier/download/@babel/helper-validator-identifier-7.10.4.tgz?cache=0&sync_timestamp=1593522928192&other_urls=https%3A%2F%2Fregistry.npm.taobao.org%2F%40babel%2Fhelper-validator-identifier%2Fdownload%2F%40babel%2Fhelper-validator-identifier-7.10.4.tgz",
      "integrity": "sha1-p4x6clHgH2FlEtMbEK3PUq2l4NI="
    },
    "node_modules/@babel/parser": {
      "version": "7.11.5",
      "resolved": "https://registry.npm.taobao.org/@babel/parser/download/@babel/parser-7.11.5.tgz?cache=0&sync_timestamp=1598904845369&other_urls=https%3A%2F%2Fregistry.npm.taobao.org%2F%40babel%2Fparser%2Fdownload%2F%40babel%2Fparser-7.11.5.tgz",
      "integrity": "sha1-x/9jA99xCA7HpPW4wAPFjxz1EDc="
    },
    "node_modules/@babel/types": {
      "version": "7.11.5",
      "resolved": "https://registry.npm.taobao.org/@babel/types/download/@babel/types-7.11.5.tgz?cache=0&sync_timestamp=1598904846053&other_urls=https%3A%2F%2Fregistry.npm.taobao.org%2F%40babel%2Ftypes%2Fdownload%2F%40babel%2Ftypes-7.11.5.tgz",
      "integrity": "sha1-2d5XfQElLXfGgAzuA57mT691Zi0=",
      "dependencies": {
        "@babel/helper-validator-identifier": "^7.10.4",
        "lodash": "^4.17.19",
        "to-fast-properties": "^2.0.0"
      }
    },
    "node_modules/@vue/compiler-core": {
      "version": "3.0.0",
      "resolved": "https://registry.npm.taobao.org/@vue/compiler-core/download/@vue/compiler-core-3.0.0.tgz?cache=0&sync_timestamp=1600441634065&other_urls=https%3A%2F%2Fregistry.npm.taobao.org%2F%40vue%2Fcompiler-core%2Fdownload%2F%40vue%2Fcompiler-core-3.0.0.tgz",
      "integrity": "sha1-JeTwec9sOfg7rSNwD4FMYZEFoPI=",
      "dependencies": {
        "@babel/parser": "^7.11.5",
        "@babel/types": "^7.11.5",
        "@vue/shared": "3.0.0",
        "estree-walker": "^2.0.1",
        "source-map": "^0.6.1"
      }
    },
    "node_modules/@vue/compiler-dom": {
      "version": "3.0.0",
      "resolved": "https://registry.npm.taobao.org/@vue/compiler-dom/download/@vue/compiler-dom-3.0.0.tgz?cache=0&sync_timestamp=1600441632039&other_urls=https%3A%2F%2Fregistry.npm.taobao.org%2F%40vue%2Fcompiler-dom%2Fdownload%2F%40vue%2Fcompiler-dom-3.0.0.tgz",
      "integrity": "sha1-TLtI/PH4UtrvK6vPmVO2gaxGNSY=",
      "dependencies": {
        "@vue/compiler-core": "3.0.0",
        "@vue/shared": "3.0.0"
      }
    },
    "node_modules/@vue/reactivity": {
      "version": "3.0.0",
      "resolved": "https://registry.npm.taobao.org/@vue/reactivity/download/@vue/reactivity-3.0.0.tgz?cache=0&sync_timestamp=1600441638001&other_urls=https%3A%2F%2Fregistry.npm.taobao.org%2F%40vue%2Freactivity%2Fdownload%2F%40vue%2Freactivity-3.0.0.tgz",
      "integrity": "sha1-/RVjKmCGUM4qlpxyF4fifiyAqms=",
      "dependencies": {
        "@vue/shared": "3.0.0"
      }
    },
    "node_modules/@vue/runtime-core": {
      "version": "3.0.0",
      "resolved": "https://registry.npm.taobao.org/@vue/runtime-core/download/@vue/runtime-core-3.0.0.tgz?cache=0&sync_timestamp=1600441636303&other_urls=https%3A%2F%2Fregistry.npm.taobao.org%2F%40vue%2Fruntime-core%2Fdownload%2F%40vue%2Fruntime-core-3.0.0.tgz",
      "integrity": "sha1-SA/r8b/jJ5i2q71xqI+Oi0c6UcI=",
      "dependencies": {
        "@vue/reactivity": "3.0.0",
        "@vue/shared": "3.0.0"
      }
    },
    "node_modules/@vue/runtime-dom": {
      "version": "3.0.0",
      "resolved": "https://registry.npm.taobao.org/@vue/runtime-dom/download/@vue/runtime-dom-3.0.0.tgz?cache=0&sync_timestamp=1600441634595&other_urls=https%3A%2F%2Fregistry.npm.taobao.org%2F%40vue%2Fruntime-dom%2Fdownload%2F%40vue%2Fruntime-dom-3.0.0.tgz",
      "integrity": "sha1-4NH3x+IuExhpYBTMNQHgayiMLhE=",
      "dependencies": {
        "@vue/runtime-core": "3.0.0",
        "@vue/shared": "3.0.0",
        "csstype": "^2.6.8"
      }
    },
    "node_modules/@vue/shared": {
      "version": "3.0.0",
      "resolved": "https://registry.npm.taobao.org/@vue/shared/download/@vue/shared-3.0.0.tgz?cache=0&sync_timestamp=1600441632491&other_urls=https%3A%2F%2Fregistry.npm.taobao.org%2F%40vue%2Fshared%2Fdownload%2F%40vue%2Fshared-3.0.0.tgz",
      "integrity": "sha1-7AiSNmKezA8QNGuS8QH/QzkWnxo="
    },
    "node_modules/csstype": {
      "version": "2.6.13",
      "resolved": "https://registry.npm.taobao.org/csstype/download/csstype-2.6.13.tgz",
      "integrity": "sha1-pokwFbkOhN1uhdDjtEKh6E8tvg8="
    },
    "node_modules/estree-walker": {
      "version": "2.0.1",
      "resolved": "https://registry.npm.taobao.org/estree-walker/download/estree-walker-2.0.1.tgz",
      "integrity": "sha1-+OAw+yHO+hg7RLetUWt0dDTno+A="
    },
    "node_modules/lodash": {
      "version": "4.17.20",
      "resolved": "https://registry.npm.taobao.org/lodash/download/lodash-4.17.20.tgz?cache=0&sync_timestamp=1597335994883&other_urls=https%3A%2F%2Fregistry.npm.taobao.org%2Flodash%2Fdownload%2Flodash-4.17.20.tgz",
      "integrity": "sha1-tEqbYpe8tpjxxRo1RaKzs2jVnFI="
    },
    "node_modules/source-map": {
      "version": "0.6.1",
      "resolved": "https://registry.npm.taobao.org/source-map/download/source-map-0.6.1.tgz",
      "integrity": "sha1-dHIq8y6WFOnCh6jQu95IteLxomM="
    },
    "node_modules/to-fast-properties": {
      "version": "2.0.0",
      "resolved": "https://registry.npm.taobao.org/to-fast-properties/download/to-fast-properties-2.0.0.tgz",
      "integrity": "sha1-3F5pjL0HkmW8c+A3doGk5Og/YW4="
    },
    "node_modules/vue": {
      "version": "3.0.0",
      "resolved": "https://registry.npm.taobao.org/vue/download/vue-3.0.0.tgz?cache=0&sync_timestamp=1600441301164&other_urls=https%3A%2F%2Fregistry.npm.taobao.org%2Fvue%2Fdownload%2Fvue-3.0.0.tgz",
      "integrity": "sha1-z7XfXDTvzjGbEToWZ9ErdNz9nJA=",
      "dependencies": {
        "@vue/compiler-dom": "3.0.0",
        "@vue/runtime-dom": "3.0.0",
        "@vue/shared": "3.0.0"
      }
    }
  },
  "dependencies": {
    "@babel/helper-validator-identifier": {
      "version": "7.10.4",
      "resolved": "https://registry.npm.taobao.org/@babel/helper-validator-identifier/download/@babel/helper-validator-identifier-7.10.4.tgz?cache=0&sync_timestamp=1593522928192&other_urls=https%3A%2F%2Fregistry.npm.taobao.org%2F%40babel%2Fhelper-validator-identifier%2Fdownload%2F%40babel%2Fhelper-validator-identifier-7.10.4.tgz",
      "integrity": "sha1-p4x6clHgH2FlEtMbEK3PUq2l4NI="
    },
    "@babel/parser": {
      "version": "7.11.5",
      "resolved": "https://registry.npm.taobao.org/@babel/parser/download/@babel/parser-7.11.5.tgz?cache=0&sync_timestamp=1598904845369&other_urls=https%3A%2F%2Fregistry.npm.taobao.org%2F%40babel%2Fparser%2Fdownload%2F%40babel%2Fparser-7.11.5.tgz",
      "integrity": "sha1-x/9jA99xCA7HpPW4wAPFjxz1EDc="
    },
    "@babel/types": {
      "version": "7.11.5",
      "resolved": "https://registry.npm.taobao.org/@babel/types/download/@babel/types-7.11.5.tgz?cache=0&sync_timestamp=1598904846053&other_urls=https%3A%2F%2Fregistry.npm.taobao.org%2F%40babel%2Ftypes%2Fdownload%2F%40babel%2Ftypes-7.11.5.tgz",
      "integrity": "sha1-2d5XfQElLXfGgAzuA57mT691Zi0=",
      "requires": {
        "@babel/helper-validator-identifier": "^7.10.4",
        "lodash": "^4.17.19",
        "to-fast-properties": "^2.0.0"
      }
    },
    "@vue/compiler-core": {
      "version": "3.0.0",
      "resolved": "https://registry.npm.taobao.org/@vue/compiler-core/download/@vue/compiler-core-3.0.0.tgz?cache=0&sync_timestamp=1600441634065&other_urls=https%3A%2F%2Fregistry.npm.taobao.org%2F%40vue%2Fcompiler-core%2Fdownload%2F%40vue%2Fcompiler-core-3.0.0.tgz",
      "integrity": "sha1-JeTwec9sOfg7rSNwD4FMYZEFoPI=",
      "requires": {
        "@babel/parser": "^7.11.5",
        "@babel/types": "^7.11.5",
        "@vue/shared": "3.0.0",
        "estree-walker": "^2.0.1",
        "source-map": "^0.6.1"
      }
    },
    "@vue/compiler-dom": {
      "version": "3.0.0",
      "resolved": "https://registry.npm.taobao.org/@vue/compiler-dom/download/@vue/compiler-dom-3.0.0.tgz?cache=0&sync_timestamp=1600441632039&other_urls=https%3A%2F%2Fregistry.npm.taobao.org%2F%40vue%2Fcompiler-dom%2Fdownload%2F%40vue%2Fcompiler-dom-3.0.0.tgz",
      "integrity": "sha1-TLtI/PH4UtrvK6vPmVO2gaxGNSY=",
      "requires": {
        "@vue/compiler-core": "3.0.0",
        "@vue/shared": "3.0.0"
      }
    },
    "@vue/reactivity": {
      "version": "3.0.0",
      "resolved": "https://registry.npm.taobao.org/@vue/reactivity/download/@vue/reactivity-3.0.0.tgz?cache=0&sync_timestamp=1600441638001&other_urls=https%3A%2F%2Fregistry.npm.taobao.org%2F%40vue%2Freactivity%2Fdownload%2F%40vue%2Freactivity-3.0.0.tgz",
      "integrity": "sha1-/RVjKmCGUM4qlpxyF4fifiyAqms=",
      "requires": {
        "@vue/shared": "3.0.0"
      }
    },
    "@vue/runtime-core": {
      "version": "3.0.0",
      "resolved": "https://registry.npm.taobao.org/@vue/runtime-core/download/@vue/runtime-core-3.0.0.tgz?cache=0&sync_timestamp=1600441636303&other_urls=https%3A%2F%2Fregistry.npm.taobao.org%2F%40vue%2Fruntime-core%2Fdownload%2F%40vue%2Fruntime-core-3.0.0.tgz",
      "integrity": "sha1-SA/r8b/jJ5i2q71xqI+Oi0c6UcI=",
      "requires": {
        "@vue/reactivity": "3.0.0",
        "@vue/shared": "3.0.0"
      }
    },
    "@vue/runtime-dom": {
      "version": "3.0.0",
      "resolved": "https://registry.npm.taobao.org/@vue/runtime-dom/download/@vue/runtime-dom-3.0.0.tgz?cache=0&sync_timestamp=1600441634595&other_urls=https%3A%2F%2Fregistry.npm.taobao.org%2F%40vue%2Fruntime-dom%2Fdownload%2F%40vue%2Fruntime-dom-3.0.0.tgz",
      "integrity": "sha1-4NH3x+IuExhpYBTMNQHgayiMLhE=",
      "requires": {
        "@vue/runtime-core": "3.0.0",
        "@vue/shared": "3.0.0",
        "csstype": "^2.6.8"
      }
    },
    "@vue/shared": {
      "version": "3.0.0",
      "resolved": "https://registry.npm.taobao.org/@vue/shared/download/@vue/shared-3.0.0.tgz?cache=0&sync_timestamp=1600441632491&other_urls=https%3A%2F%2Fregistry.npm.taobao.org%2F%40vue%2Fshared%2Fdownload%2F%40vue%2Fshared-3.0.0.tgz",
      "integrity": "sha1-7AiSNmKezA8QNGuS8QH/QzkWnxo="
    },
    "csstype": {
      "version": "2.6.13",
      "resolved": "https://registry.npm.taobao.org/csstype/download/csstype-2.6.13.tgz",
      "integrity": "sha1-pokwFbkOhN1uhdDjtEKh6E8tvg8="
    },
    "estree-walker": {
      "version": "2.0.1",
      "resolved": "https://registry.npm.taobao.org/estree-walker/download/estree-walker-2.0.1.tgz",
      "integrity": "sha1-+OAw+yHO+hg7RLetUWt0dDTno+A="
    },
    "lodash": {
      "version": "4.17.20",
      "resolved": "https://registry.npm.taobao.org/lodash/download/lodash-4.17.20.tgz?cache=0&sync_timestamp=1597335994883&other_urls=https%3A%2F%2Fregistry.npm.taobao.org%2Flodash%2Fdownload%2Flodash-4.17.20.tgz",
      "integrity": "sha1-tEqbYpe8tpjxxRo1RaKzs2jVnFI="
    },
    "source-map": {
      "version": "0.6.1",
      "resolved": "https://registry.npm.taobao.org/source-map/download/source-map-0.6.1.tgz",
      "integrity": "sha1-dHIq8y6WFOnCh6jQu95IteLxomM="
    },
    "to-fast-properties": {
      "version": "2.0.0",
      "resolved": "https://registry.npm.taobao.org/to-fast-properties/download/to-fast-properties-2.0.0.tgz",
      "integrity": "sha1-3F5pjL0HkmW8c+A3doGk5Og/YW4="
    },
    "vue": {
      "version": "3.0.0",
      "resolved": "https://registry.npm.taobao.org/vue/download/vue-3.0.0.tgz?cache=0&sync_timestamp=1600441301164&other_urls=https%3A%2F%2Fregistry.npm.taobao.org%2Fvue%2Fdownload%2Fvue-3.0.0.tgz",
      "integrity": "sha1-z7XfXDTvzjGbEToWZ9ErdNz9nJA=",
      "requires": {
        "@vue/compiler-dom": "3.0.0",
        "@vue/runtime-dom": "3.0.0",
        "@vue/shared": "3.0.0"
      }
    }
  }
}
